
Microsoft Visual Studio Solution File, Format Version 12.00
# Visual Studio Version 17
VisualStudioVersion = 17.6.33829.357
MinimumVisualStudioVersion = 10.0.40219.1
Project("{FAE04EC0-301F-11D3-BF4B-00C04F79EFBC}") = "NotifyBotApi", "NotifyBotApi\NotifyBotApi.csproj", "{D6817D2F-6569-40FA-B55B-87A20664E841}"
EndProject
Global
	GlobalSection(SolutionConfigurationPlatforms) = preSolution
		Debug|Any CPU = Debug|Any CPU
		Release|Any CPU = Release|Any CPU
	EndGlobalSection
	GlobalSection(ProjectConfigurationPlatforms) = postSolution
		{D6817D2F-6569-40FA-B55B-87A20664E841}.Debug|Any CPU.ActiveCfg = Debug|Any CPU
		{D6817D2F-6569-40FA-B55B-87A20664E841}.Debug|Any CPU.Build.0 = Debug|Any CPU
		{D6817D2F-6569-40FA-B55B-87A20664E841}.Release|Any CPU.ActiveCfg = Release|Any CPU
		{D6817D2F-6569-40FA-B55B-87A20664E841}.Release|Any CPU.Build.0 = Release|Any CPU
	EndGlobalSection
	GlobalSection(SolutionProperties) = preSolution
		HideSolutionNode = FALSE
	EndGlobalSection
	GlobalSection(ExtensibilityGlobals) = postSolution
		SolutionGuid = {9DD5F89C-B20D-45B6-8648-88F548886A44}
	EndGlobalSection
EndGlobal
